
Microsoft Visual Studio Solution File, Format Version 12.00
# Visual Studio 2012
Project("{2150E333-8FDC-42A3-9474-1A3956D46DE8}") = "Infrastructure", "Infrastructure", "{6CD9F431-82EB-4E54-96C5-16EE0F3FA7B9}"
EndProject
Project("{2150E333-8FDC-42A3-9474-1A3956D46DE8}") = "Implementation", "Implementation", "{C05CFB08-E53F-46A4-A613-5CA2AB0A42BE}"
EndProject
Project("{FAE04EC0-301F-11D3-BF4B-00C04F79EFBC}") = "Data", "Implementation\Data\Data.csproj", "{66D388DF-DEA6-4507-A54C-7BCDE1057BA7}"
EndProject
Project("{FAE04EC0-301F-11D3-BF4B-00C04F79EFBC}") = "Data", "Infrastructure\Data\Data.csproj", "{0F0E37DC-7717-4BF0-97C1-1F9794F9C8DE}"
EndProject
Project("{FAE04EC0-301F-11D3-BF4B-00C04F79EFBC}") = "Generator", "..\Outils\Generator\Generator.csproj", "{CD7FDCED-4718-4AA0-9107-9D31447B47F7}"
EndProject
Project("{2150E333-8FDC-42A3-9474-1A3956D46DE8}") = "Outils", "Outils", "{813DD78E-7798-4A54-9F3F-B92E227AFAE1}"
EndProject
Project("{2150E333-8FDC-42A3-9474-1A3956D46DE8}") = "Applications", "Applications", "{7F440A4C-9ED1-40F0-A8C7-F070BD509DAB}"
EndProject
Project("{FAE04EC0-301F-11D3-BF4B-00C04F79EFBC}") = "Referentiel", "Applications\Referentiel\Referentiel.csproj", "{EFE9E0A4-296D-47F2-94BE-645BDF73101F}"
EndProject
Project("{FAE04EC0-301F-11D3-BF4B-00C04F79EFBC}") = "Engine", "Infrastructure\Engine\Engine.csproj", "{DE8D81E9-0498-4382-8A07-BF6F0B79FF87}"
EndProject
Project("{FAE04EC0-301F-11D3-BF4B-00C04F79EFBC}") = "Engine", "Implementation\Engine\Engine.csproj", "{43B056FF-E33A-435E-B247-732E5546D526}"
EndProject
Project("{FAE04EC0-301F-11D3-BF4B-00C04F79EFBC}") = "Presentation", "Implementation\Presentation\Presentation.csproj", "{55FB94D1-4420-4C91-9784-863545F39BC9}"
EndProject
Project("{FAE04EC0-301F-11D3-BF4B-00C04F79EFBC}") = "Atom", "Infrastructure\Atom\Atom.csproj", "{D34EF644-ADD7-4273-99CA-848C62D9D3AE}"
EndProject
Project("{FAE04EC0-301F-11D3-BF4B-00C04F79EFBC}") = "Presentation", "Infrastructure\Presentation\Presentation.csproj", "{7364EA64-5842-4F1A-A0C8-44C15D6D4DC6}"
EndProject
Global
	GlobalSection(SolutionConfigurationPlatforms) = preSolution
		Debug|Any CPU = Debug|Any CPU
		Release|Any CPU = Release|Any CPU
	EndGlobalSection
	GlobalSection(ProjectConfigurationPlatforms) = postSolution
		{66D388DF-DEA6-4507-A54C-7BCDE1057BA7}.Debug|Any CPU.ActiveCfg = Debug|Any CPU
		{66D388DF-DEA6-4507-A54C-7BCDE1057BA7}.Debug|Any CPU.Build.0 = Debug|Any CPU
		{66D388DF-DEA6-4507-A54C-7BCDE1057BA7}.Release|Any CPU.ActiveCfg = Release|Any CPU
		{66D388DF-DEA6-4507-A54C-7BCDE1057BA7}.Release|Any CPU.Build.0 = Release|Any CPU
		{0F0E37DC-7717-4BF0-97C1-1F9794F9C8DE}.Debug|Any CPU.ActiveCfg = Debug|Any CPU
		{0F0E37DC-7717-4BF0-97C1-1F9794F9C8DE}.Debug|Any CPU.Build.0 = Debug|Any CPU
		{0F0E37DC-7717-4BF0-97C1-1F9794F9C8DE}.Release|Any CPU.ActiveCfg = Release|Any CPU
		{0F0E37DC-7717-4BF0-97C1-1F9794F9C8DE}.Release|Any CPU.Build.0 = Release|Any CPU
		{CD7FDCED-4718-4AA0-9107-9D31447B47F7}.Debug|Any CPU.ActiveCfg = Debug|Any CPU
		{CD7FDCED-4718-4AA0-9107-9D31447B47F7}.Debug|Any CPU.Build.0 = Debug|Any CPU
		{CD7FDCED-4718-4AA0-9107-9D31447B47F7}.Release|Any CPU.ActiveCfg = Release|Any CPU
		{CD7FDCED-4718-4AA0-9107-9D31447B47F7}.Release|Any CPU.Build.0 = Release|Any CPU
		{EFE9E0A4-296D-47F2-94BE-645BDF73101F}.Debug|Any CPU.ActiveCfg = Debug|Any CPU
		{EFE9E0A4-296D-47F2-94BE-645BDF73101F}.Debug|Any CPU.Build.0 = Debug|Any CPU
		{EFE9E0A4-296D-47F2-94BE-645BDF73101F}.Release|Any CPU.ActiveCfg = Release|Any CPU
		{EFE9E0A4-296D-47F2-94BE-645BDF73101F}.Release|Any CPU.Build.0 = Release|Any CPU
		{DE8D81E9-0498-4382-8A07-BF6F0B79FF87}.Debug|Any CPU.ActiveCfg = Debug|Any CPU
		{DE8D81E9-0498-4382-8A07-BF6F0B79FF87}.Debug|Any CPU.Build.0 = Debug|Any CPU
		{DE8D81E9-0498-4382-8A07-BF6F0B79FF87}.Release|Any CPU.ActiveCfg = Release|Any CPU
		{DE8D81E9-0498-4382-8A07-BF6F0B79FF87}.Release|Any CPU.Build.0 = Release|Any CPU
		{43B056FF-E33A-435E-B247-732E5546D526}.Debug|Any CPU.ActiveCfg = Debug|Any CPU
		{43B056FF-E33A-435E-B247-732E5546D526}.Debug|Any CPU.Build.0 = Debug|Any CPU
		{43B056FF-E33A-435E-B247-732E5546D526}.Release|Any CPU.ActiveCfg = Release|Any CPU
		{43B056FF-E33A-435E-B247-732E5546D526}.Release|Any CPU.Build.0 = Release|Any CPU
		{55FB94D1-4420-4C91-9784-863545F39BC9}.Debug|Any CPU.ActiveCfg = Debug|Any CPU
		{55FB94D1-4420-4C91-9784-863545F39BC9}.Debug|Any CPU.Build.0 = Debug|Any CPU
		{55FB94D1-4420-4C91-9784-863545F39BC9}.Release|Any CPU.ActiveCfg = Release|Any CPU
		{55FB94D1-4420-4C91-9784-863545F39BC9}.Release|Any CPU.Build.0 = Release|Any CPU
		{D34EF644-ADD7-4273-99CA-848C62D9D3AE}.Debug|Any CPU.ActiveCfg = Debug|Any CPU
		{D34EF644-ADD7-4273-99CA-848C62D9D3AE}.Debug|Any CPU.Build.0 = Debug|Any CPU
		{D34EF644-ADD7-4273-99CA-848C62D9D3AE}.Release|Any CPU.ActiveCfg = Release|Any CPU
		{D34EF644-ADD7-4273-99CA-848C62D9D3AE}.Release|Any CPU.Build.0 = Release|Any CPU
		{7364EA64-5842-4F1A-A0C8-44C15D6D4DC6}.Debug|Any CPU.ActiveCfg = Debug|Any CPU
		{7364EA64-5842-4F1A-A0C8-44C15D6D4DC6}.Debug|Any CPU.Build.0 = Debug|Any CPU
		{7364EA64-5842-4F1A-A0C8-44C15D6D4DC6}.Release|Any CPU.ActiveCfg = Release|Any CPU
		{7364EA64-5842-4F1A-A0C8-44C15D6D4DC6}.Release|Any CPU.Build.0 = Release|Any CPU
	EndGlobalSection
	GlobalSection(SolutionProperties) = preSolution
		HideSolutionNode = FALSE
	EndGlobalSection
	GlobalSection(NestedProjects) = preSolution
		{0F0E37DC-7717-4BF0-97C1-1F9794F9C8DE} = {6CD9F431-82EB-4E54-96C5-16EE0F3FA7B9}
		{DE8D81E9-0498-4382-8A07-BF6F0B79FF87} = {6CD9F431-82EB-4E54-96C5-16EE0F3FA7B9}
		{D34EF644-ADD7-4273-99CA-848C62D9D3AE} = {6CD9F431-82EB-4E54-96C5-16EE0F3FA7B9}
		{7364EA64-5842-4F1A-A0C8-44C15D6D4DC6} = {6CD9F431-82EB-4E54-96C5-16EE0F3FA7B9}
		{66D388DF-DEA6-4507-A54C-7BCDE1057BA7} = {C05CFB08-E53F-46A4-A613-5CA2AB0A42BE}
		{43B056FF-E33A-435E-B247-732E5546D526} = {C05CFB08-E53F-46A4-A613-5CA2AB0A42BE}
		{55FB94D1-4420-4C91-9784-863545F39BC9} = {C05CFB08-E53F-46A4-A613-5CA2AB0A42BE}
		{CD7FDCED-4718-4AA0-9107-9D31447B47F7} = {813DD78E-7798-4A54-9F3F-B92E227AFAE1}
		{EFE9E0A4-296D-47F2-94BE-645BDF73101F} = {7F440A4C-9ED1-40F0-A8C7-F070BD509DAB}
	EndGlobalSection
	GlobalSection(ExtensibilityGlobals) = postSolution
		EnterpriseLibraryConfigurationToolBinariesPath = packages\Unity.2.1.505.2\lib\NET35
	EndGlobalSection
EndGlobal
