
Microsoft Visual Studio Solution File, Format Version 12.00
# Visual Studio 2013
VisualStudioVersion = 12.0.21005.1
MinimumVisualStudioVersion = 10.0.40219.1
Project("{2150E333-8FDC-42A3-9474-1A3956D46DE8}") = "Core", "Core", "{C05CFB08-E53F-46A4-A613-5CA2AB0A42BE}"
EndProject
Project("{FAE04EC0-301F-11D3-BF4B-00C04F79EFBC}") = "Generator", "..\Outils\Generator\Generator.csproj", "{CD7FDCED-4718-4AA0-9107-9D31447B47F7}"
EndProject
Project("{2150E333-8FDC-42A3-9474-1A3956D46DE8}") = "Outils", "Outils", "{813DD78E-7798-4A54-9F3F-B92E227AFAE1}"
EndProject
Project("{2150E333-8FDC-42A3-9474-1A3956D46DE8}") = "Applications", "Applications", "{7F440A4C-9ED1-40F0-A8C7-F070BD509DAB}"
EndProject
Project("{FAE04EC0-301F-11D3-BF4B-00C04F79EFBC}") = "Referentiel", "Applications\Referentiel\Referentiel.csproj", "{EFE9E0A4-296D-47F2-94BE-645BDF73101F}"
EndProject
Project("{2150E333-8FDC-42A3-9474-1A3956D46DE8}") = "GeoPat", "GeoPat", "{02FD2815-E766-4783-A5EB-F1EAA36E9F3E}"
EndProject
Project("{2150E333-8FDC-42A3-9474-1A3956D46DE8}") = "Modules", "Modules", "{60D8A0CC-302D-4790-B73C-E3D73170914F}"
EndProject
Project("{FAE04EC0-301F-11D3-BF4B-00C04F79EFBC}") = "Data", "Core\Data\Data.csproj", "{66D388DF-DEA6-4507-A54C-7BCDE1057BA7}"
EndProject
Project("{FAE04EC0-301F-11D3-BF4B-00C04F79EFBC}") = "Engine", "Core\Engine\Engine.csproj", "{43B056FF-E33A-435E-B247-732E5546D526}"
EndProject
Project("{FAE04EC0-301F-11D3-BF4B-00C04F79EFBC}") = "Infrastructure", "Core\Infrastructure\Infrastructure.csproj", "{1B3947A0-A99A-4ED4-920C-4FCA7F814981}"
EndProject
Project("{FAE04EC0-301F-11D3-BF4B-00C04F79EFBC}") = "Presentation", "Core\Presentation\Presentation.csproj", "{55FB94D1-4420-4C91-9784-863545F39BC9}"
EndProject
Project("{FAE04EC0-301F-11D3-BF4B-00C04F79EFBC}") = "Dashboard", "Modules\DashBoard\Dashboard.csproj", "{A72398CC-219A-4F68-9DA7-C232BAE52716}"
EndProject
Project("{FAE04EC0-301F-11D3-BF4B-00C04F79EFBC}") = "Reperage", "Modules\Reperage\Reperage.csproj", "{EE0FDE6B-B457-4D88-8381-1508CCC3811F}"
EndProject
Project("{FAE04EC0-301F-11D3-BF4B-00C04F79EFBC}") = "Stat", "Modules\Stat\Stat.csproj", "{CB984E34-81E8-4F9A-B054-B91F7F31BBB8}"
EndProject
Project("{FAE04EC0-301F-11D3-BF4B-00C04F79EFBC}") = "Document", "Modules\Document\Document.csproj", "{47C2511E-CF25-4A7D-8CD5-7139D76BE9BF}"
EndProject
Project("{FAE04EC0-301F-11D3-BF4B-00C04F79EFBC}") = "Edition", "Modules\Edition\Edition.csproj", "{949FDB2D-0D8A-43CE-B71F-EA3704FEF0A4}"
EndProject
Project("{FAE04EC0-301F-11D3-BF4B-00C04F79EFBC}") = "Video", "Modules\Video\Video.csproj", "{989E7A6E-20F4-4E23-BC93-277C4BBCD8AD}"
EndProject
Project("{FAE04EC0-301F-11D3-BF4B-00C04F79EFBC}") = "Synoptic", "Modules\Synoptic\Synoptic.csproj", "{36EA8509-D323-41BA-AB82-A93405E675ED}"
EndProject
Project("{FAE04EC0-301F-11D3-BF4B-00C04F79EFBC}") = "Contact", "Modules\Contact\Contact.csproj", "{448B58C2-5943-462A-AD32-17A661653CAB}"
EndProject
Project("{FAE04EC0-301F-11D3-BF4B-00C04F79EFBC}") = "Carto", "Modules\Carto\Carto.csproj", "{727FF63F-357C-4B23-972A-57BBA1CAFCBD}"
EndProject
Project("{FAE04EC0-301F-11D3-BF4B-00C04F79EFBC}") = "WgsIntegration", "..\Outils\WgsIntegration\WgsIntegration.csproj", "{013C8D90-A417-4CB1-BD8C-A5A453F8F0A6}"
EndProject
Project("{FAE04EC0-301F-11D3-BF4B-00C04F79EFBC}") = "Utilisateur", "Applications\Utilisateur\Utilisateur.csproj", "{E112E546-3B66-44DB-A7BF-DBF9EAF43054}"
EndProject
Project("{FAE04EC0-301F-11D3-BF4B-00C04F79EFBC}") = "GeoPatGenerator", "..\Outils\GeoPatGenerator\GeoPatGenerator.csproj", "{3845FB6F-3BAF-4BA8-A021-71CBE4DFA18C}"
EndProject
Project("{2150E333-8FDC-42A3-9474-1A3956D46DE8}") = "Layers", "Layers", "{8606A030-A4F1-44BC-BC9B-AD60947D8EE8}"
EndProject
Project("{FAE04EC0-301F-11D3-BF4B-00C04F79EFBC}") = "Data", "..\Layers\Data\Data.csproj", "{2B5D658E-1A7F-4902-B27E-A8BD91C483BB}"
EndProject
Project("{FAE04EC0-301F-11D3-BF4B-00C04F79EFBC}") = "DataTest", "..\Layers\DataTest\DataTest.csproj", "{46482763-46C2-4A1A-B4B5-827F77C11299}"
EndProject
Global
	GlobalSection(SolutionConfigurationPlatforms) = preSolution
		Debug|Any CPU = Debug|Any CPU
		Release|Any CPU = Release|Any CPU
	EndGlobalSection
	GlobalSection(ProjectConfigurationPlatforms) = postSolution
		{CD7FDCED-4718-4AA0-9107-9D31447B47F7}.Debug|Any CPU.ActiveCfg = Debug|Any CPU
		{CD7FDCED-4718-4AA0-9107-9D31447B47F7}.Debug|Any CPU.Build.0 = Debug|Any CPU
		{CD7FDCED-4718-4AA0-9107-9D31447B47F7}.Release|Any CPU.ActiveCfg = Release|Any CPU
		{CD7FDCED-4718-4AA0-9107-9D31447B47F7}.Release|Any CPU.Build.0 = Release|Any CPU
		{EFE9E0A4-296D-47F2-94BE-645BDF73101F}.Debug|Any CPU.ActiveCfg = Debug|Any CPU
		{EFE9E0A4-296D-47F2-94BE-645BDF73101F}.Debug|Any CPU.Build.0 = Debug|Any CPU
		{EFE9E0A4-296D-47F2-94BE-645BDF73101F}.Release|Any CPU.ActiveCfg = Release|Any CPU
		{EFE9E0A4-296D-47F2-94BE-645BDF73101F}.Release|Any CPU.Build.0 = Release|Any CPU
		{66D388DF-DEA6-4507-A54C-7BCDE1057BA7}.Debug|Any CPU.ActiveCfg = Debug|Any CPU
		{66D388DF-DEA6-4507-A54C-7BCDE1057BA7}.Debug|Any CPU.Build.0 = Debug|Any CPU
		{66D388DF-DEA6-4507-A54C-7BCDE1057BA7}.Release|Any CPU.ActiveCfg = Release|Any CPU
		{66D388DF-DEA6-4507-A54C-7BCDE1057BA7}.Release|Any CPU.Build.0 = Release|Any CPU
		{43B056FF-E33A-435E-B247-732E5546D526}.Debug|Any CPU.ActiveCfg = Debug|Any CPU
		{43B056FF-E33A-435E-B247-732E5546D526}.Debug|Any CPU.Build.0 = Debug|Any CPU
		{43B056FF-E33A-435E-B247-732E5546D526}.Release|Any CPU.ActiveCfg = Release|Any CPU
		{43B056FF-E33A-435E-B247-732E5546D526}.Release|Any CPU.Build.0 = Release|Any CPU
		{1B3947A0-A99A-4ED4-920C-4FCA7F814981}.Debug|Any CPU.ActiveCfg = Debug|Any CPU
		{1B3947A0-A99A-4ED4-920C-4FCA7F814981}.Debug|Any CPU.Build.0 = Debug|Any CPU
		{1B3947A0-A99A-4ED4-920C-4FCA7F814981}.Release|Any CPU.ActiveCfg = Release|Any CPU
		{1B3947A0-A99A-4ED4-920C-4FCA7F814981}.Release|Any CPU.Build.0 = Release|Any CPU
		{55FB94D1-4420-4C91-9784-863545F39BC9}.Debug|Any CPU.ActiveCfg = Debug|Any CPU
		{55FB94D1-4420-4C91-9784-863545F39BC9}.Debug|Any CPU.Build.0 = Debug|Any CPU
		{55FB94D1-4420-4C91-9784-863545F39BC9}.Release|Any CPU.ActiveCfg = Release|Any CPU
		{55FB94D1-4420-4C91-9784-863545F39BC9}.Release|Any CPU.Build.0 = Release|Any CPU
		{A72398CC-219A-4F68-9DA7-C232BAE52716}.Debug|Any CPU.ActiveCfg = Debug|Any CPU
		{A72398CC-219A-4F68-9DA7-C232BAE52716}.Debug|Any CPU.Build.0 = Debug|Any CPU
		{A72398CC-219A-4F68-9DA7-C232BAE52716}.Release|Any CPU.ActiveCfg = Release|Any CPU
		{A72398CC-219A-4F68-9DA7-C232BAE52716}.Release|Any CPU.Build.0 = Release|Any CPU
		{EE0FDE6B-B457-4D88-8381-1508CCC3811F}.Debug|Any CPU.ActiveCfg = Debug|Any CPU
		{EE0FDE6B-B457-4D88-8381-1508CCC3811F}.Debug|Any CPU.Build.0 = Debug|Any CPU
		{EE0FDE6B-B457-4D88-8381-1508CCC3811F}.Release|Any CPU.ActiveCfg = Release|Any CPU
		{EE0FDE6B-B457-4D88-8381-1508CCC3811F}.Release|Any CPU.Build.0 = Release|Any CPU
		{CB984E34-81E8-4F9A-B054-B91F7F31BBB8}.Debug|Any CPU.ActiveCfg = Debug|Any CPU
		{CB984E34-81E8-4F9A-B054-B91F7F31BBB8}.Debug|Any CPU.Build.0 = Debug|Any CPU
		{CB984E34-81E8-4F9A-B054-B91F7F31BBB8}.Release|Any CPU.ActiveCfg = Release|Any CPU
		{CB984E34-81E8-4F9A-B054-B91F7F31BBB8}.Release|Any CPU.Build.0 = Release|Any CPU
		{47C2511E-CF25-4A7D-8CD5-7139D76BE9BF}.Debug|Any CPU.ActiveCfg = Debug|Any CPU
		{47C2511E-CF25-4A7D-8CD5-7139D76BE9BF}.Debug|Any CPU.Build.0 = Debug|Any CPU
		{47C2511E-CF25-4A7D-8CD5-7139D76BE9BF}.Release|Any CPU.ActiveCfg = Release|Any CPU
		{47C2511E-CF25-4A7D-8CD5-7139D76BE9BF}.Release|Any CPU.Build.0 = Release|Any CPU
		{949FDB2D-0D8A-43CE-B71F-EA3704FEF0A4}.Debug|Any CPU.ActiveCfg = Debug|Any CPU
		{949FDB2D-0D8A-43CE-B71F-EA3704FEF0A4}.Debug|Any CPU.Build.0 = Debug|Any CPU
		{949FDB2D-0D8A-43CE-B71F-EA3704FEF0A4}.Release|Any CPU.ActiveCfg = Release|Any CPU
		{949FDB2D-0D8A-43CE-B71F-EA3704FEF0A4}.Release|Any CPU.Build.0 = Release|Any CPU
		{989E7A6E-20F4-4E23-BC93-277C4BBCD8AD}.Debug|Any CPU.ActiveCfg = Debug|Any CPU
		{989E7A6E-20F4-4E23-BC93-277C4BBCD8AD}.Debug|Any CPU.Build.0 = Debug|Any CPU
		{989E7A6E-20F4-4E23-BC93-277C4BBCD8AD}.Release|Any CPU.ActiveCfg = Release|Any CPU
		{989E7A6E-20F4-4E23-BC93-277C4BBCD8AD}.Release|Any CPU.Build.0 = Release|Any CPU
		{36EA8509-D323-41BA-AB82-A93405E675ED}.Debug|Any CPU.ActiveCfg = Debug|Any CPU
		{36EA8509-D323-41BA-AB82-A93405E675ED}.Debug|Any CPU.Build.0 = Debug|Any CPU
		{36EA8509-D323-41BA-AB82-A93405E675ED}.Release|Any CPU.ActiveCfg = Release|Any CPU
		{36EA8509-D323-41BA-AB82-A93405E675ED}.Release|Any CPU.Build.0 = Release|Any CPU
		{448B58C2-5943-462A-AD32-17A661653CAB}.Debug|Any CPU.ActiveCfg = Debug|Any CPU
		{448B58C2-5943-462A-AD32-17A661653CAB}.Debug|Any CPU.Build.0 = Debug|Any CPU
		{448B58C2-5943-462A-AD32-17A661653CAB}.Release|Any CPU.ActiveCfg = Release|Any CPU
		{448B58C2-5943-462A-AD32-17A661653CAB}.Release|Any CPU.Build.0 = Release|Any CPU
		{727FF63F-357C-4B23-972A-57BBA1CAFCBD}.Debug|Any CPU.ActiveCfg = Debug|Any CPU
		{727FF63F-357C-4B23-972A-57BBA1CAFCBD}.Debug|Any CPU.Build.0 = Debug|Any CPU
		{727FF63F-357C-4B23-972A-57BBA1CAFCBD}.Release|Any CPU.ActiveCfg = Release|Any CPU
		{727FF63F-357C-4B23-972A-57BBA1CAFCBD}.Release|Any CPU.Build.0 = Release|Any CPU
		{013C8D90-A417-4CB1-BD8C-A5A453F8F0A6}.Debug|Any CPU.ActiveCfg = Debug|Any CPU
		{013C8D90-A417-4CB1-BD8C-A5A453F8F0A6}.Debug|Any CPU.Build.0 = Debug|Any CPU
		{013C8D90-A417-4CB1-BD8C-A5A453F8F0A6}.Release|Any CPU.ActiveCfg = Release|Any CPU
		{013C8D90-A417-4CB1-BD8C-A5A453F8F0A6}.Release|Any CPU.Build.0 = Release|Any CPU
		{E112E546-3B66-44DB-A7BF-DBF9EAF43054}.Debug|Any CPU.ActiveCfg = Debug|Any CPU
		{E112E546-3B66-44DB-A7BF-DBF9EAF43054}.Debug|Any CPU.Build.0 = Debug|Any CPU
		{E112E546-3B66-44DB-A7BF-DBF9EAF43054}.Release|Any CPU.ActiveCfg = Release|Any CPU
		{E112E546-3B66-44DB-A7BF-DBF9EAF43054}.Release|Any CPU.Build.0 = Release|Any CPU
		{3845FB6F-3BAF-4BA8-A021-71CBE4DFA18C}.Debug|Any CPU.ActiveCfg = Debug|Any CPU
		{3845FB6F-3BAF-4BA8-A021-71CBE4DFA18C}.Debug|Any CPU.Build.0 = Debug|Any CPU
		{3845FB6F-3BAF-4BA8-A021-71CBE4DFA18C}.Release|Any CPU.ActiveCfg = Release|Any CPU
		{3845FB6F-3BAF-4BA8-A021-71CBE4DFA18C}.Release|Any CPU.Build.0 = Release|Any CPU
		{2B5D658E-1A7F-4902-B27E-A8BD91C483BB}.Debug|Any CPU.ActiveCfg = Debug|Any CPU
		{2B5D658E-1A7F-4902-B27E-A8BD91C483BB}.Debug|Any CPU.Build.0 = Debug|Any CPU
		{2B5D658E-1A7F-4902-B27E-A8BD91C483BB}.Release|Any CPU.ActiveCfg = Release|Any CPU
		{2B5D658E-1A7F-4902-B27E-A8BD91C483BB}.Release|Any CPU.Build.0 = Release|Any CPU
		{46482763-46C2-4A1A-B4B5-827F77C11299}.Debug|Any CPU.ActiveCfg = Debug|Any CPU
		{46482763-46C2-4A1A-B4B5-827F77C11299}.Debug|Any CPU.Build.0 = Debug|Any CPU
		{46482763-46C2-4A1A-B4B5-827F77C11299}.Release|Any CPU.ActiveCfg = Release|Any CPU
		{46482763-46C2-4A1A-B4B5-827F77C11299}.Release|Any CPU.Build.0 = Release|Any CPU
	EndGlobalSection
	GlobalSection(SolutionProperties) = preSolution
		HideSolutionNode = FALSE
	EndGlobalSection
	GlobalSection(NestedProjects) = preSolution
		{7F440A4C-9ED1-40F0-A8C7-F070BD509DAB} = {02FD2815-E766-4783-A5EB-F1EAA36E9F3E}
		{C05CFB08-E53F-46A4-A613-5CA2AB0A42BE} = {02FD2815-E766-4783-A5EB-F1EAA36E9F3E}
		{60D8A0CC-302D-4790-B73C-E3D73170914F} = {02FD2815-E766-4783-A5EB-F1EAA36E9F3E}
		{CD7FDCED-4718-4AA0-9107-9D31447B47F7} = {813DD78E-7798-4A54-9F3F-B92E227AFAE1}
		{013C8D90-A417-4CB1-BD8C-A5A453F8F0A6} = {813DD78E-7798-4A54-9F3F-B92E227AFAE1}
		{3845FB6F-3BAF-4BA8-A021-71CBE4DFA18C} = {813DD78E-7798-4A54-9F3F-B92E227AFAE1}
		{EFE9E0A4-296D-47F2-94BE-645BDF73101F} = {7F440A4C-9ED1-40F0-A8C7-F070BD509DAB}
		{E112E546-3B66-44DB-A7BF-DBF9EAF43054} = {7F440A4C-9ED1-40F0-A8C7-F070BD509DAB}
		{66D388DF-DEA6-4507-A54C-7BCDE1057BA7} = {C05CFB08-E53F-46A4-A613-5CA2AB0A42BE}
		{43B056FF-E33A-435E-B247-732E5546D526} = {C05CFB08-E53F-46A4-A613-5CA2AB0A42BE}
		{1B3947A0-A99A-4ED4-920C-4FCA7F814981} = {C05CFB08-E53F-46A4-A613-5CA2AB0A42BE}
		{55FB94D1-4420-4C91-9784-863545F39BC9} = {C05CFB08-E53F-46A4-A613-5CA2AB0A42BE}
		{A72398CC-219A-4F68-9DA7-C232BAE52716} = {60D8A0CC-302D-4790-B73C-E3D73170914F}
		{EE0FDE6B-B457-4D88-8381-1508CCC3811F} = {60D8A0CC-302D-4790-B73C-E3D73170914F}
		{CB984E34-81E8-4F9A-B054-B91F7F31BBB8} = {60D8A0CC-302D-4790-B73C-E3D73170914F}
		{47C2511E-CF25-4A7D-8CD5-7139D76BE9BF} = {60D8A0CC-302D-4790-B73C-E3D73170914F}
		{949FDB2D-0D8A-43CE-B71F-EA3704FEF0A4} = {60D8A0CC-302D-4790-B73C-E3D73170914F}
		{989E7A6E-20F4-4E23-BC93-277C4BBCD8AD} = {60D8A0CC-302D-4790-B73C-E3D73170914F}
		{36EA8509-D323-41BA-AB82-A93405E675ED} = {60D8A0CC-302D-4790-B73C-E3D73170914F}
		{448B58C2-5943-462A-AD32-17A661653CAB} = {60D8A0CC-302D-4790-B73C-E3D73170914F}
		{727FF63F-357C-4B23-972A-57BBA1CAFCBD} = {60D8A0CC-302D-4790-B73C-E3D73170914F}
		{2B5D658E-1A7F-4902-B27E-A8BD91C483BB} = {8606A030-A4F1-44BC-BC9B-AD60947D8EE8}
		{46482763-46C2-4A1A-B4B5-827F77C11299} = {8606A030-A4F1-44BC-BC9B-AD60947D8EE8}
	EndGlobalSection
	GlobalSection(ExtensibilityGlobals) = postSolution
		EnterpriseLibraryConfigurationToolBinariesPath = packages\Unity.2.1.505.2\lib\NET35
	EndGlobalSection
EndGlobal
